
Microsoft Visual Studio Solution File, Format Version 12.00
# Visual Studio Version 16
VisualStudioVersion = 16.0.29409.12
MinimumVisualStudioVersion = 10.0.40219.1
Project("{FAE04EC0-301F-11D3-BF4B-00C04F79EFBC}") = "Aria.Net", "Aria.Net\Aria.Net.csproj", "{25B784A0-793C-4EBB-BE65-E1756665A900}"
EndProject
Project("{2150E333-8FDC-42A3-9474-1A3956D46DE8}") = "Solution Items", "Solution Items", "{501296FC-5A3D-48D2-9EBA-16685E0BC5D1}"
	ProjectSection(SolutionItems) = preProject
		.editorconfig = .editorconfig
	EndProjectSection
EndProject
Global
	GlobalSection(SolutionConfigurationPlatforms) = preSolution
		Debug|Any CPU = Debug|Any CPU
		Release|Any CPU = Release|Any CPU
	EndGlobalSection
	GlobalSection(ProjectConfigurationPlatforms) = postSolution
		{25B784A0-793C-4EBB-BE65-E1756665A900}.Debug|Any CPU.ActiveCfg = Debug|Any CPU
		{25B784A0-793C-4EBB-BE65-E1756665A900}.Debug|Any CPU.Build.0 = Debug|Any CPU
		{25B784A0-793C-4EBB-BE65-E1756665A900}.Release|Any CPU.ActiveCfg = Release|Any CPU
		{25B784A0-793C-4EBB-BE65-E1756665A900}.Release|Any CPU.Build.0 = Release|Any CPU
	EndGlobalSection
	GlobalSection(SolutionProperties) = preSolution
		HideSolutionNode = FALSE
	EndGlobalSection
	GlobalSection(ExtensibilityGlobals) = postSolution
		SolutionGuid = {BEC098C1-B922-4859-9806-BCA96C55DFFA}
	EndGlobalSection
EndGlobal
